
Microsoft Visual Studio Solution File, Format Version 12.00
# Visual Studio Version 17
VisualStudioVersion = 17.6.33829.357
MinimumVisualStudioVersion = 10.0.40219.1
Project("{FAE04EC0-301F-11D3-BF4B-00C04F79EFBC}") = "Entities", "Entities\Entities.csproj", "{87258D01-8CC0-4039-BFDA-378BF2E3EB8F}"
EndProject
Project("{FAE04EC0-301F-11D3-BF4B-00C04F79EFBC}") = "DataAccess", "DataAccess\DataAccess.csproj", "{9A1F3946-AA1C-4C6A-8F04-8691B246211F}"
EndProject
Project("{FAE04EC0-301F-11D3-BF4B-00C04F79EFBC}") = "Business", "Business\Business.csproj", "{43CA7DE2-25F5-48EB-94D5-8A401BECBAC9}"
EndProject
Project("{FAE04EC0-301F-11D3-BF4B-00C04F79EFBC}") = "Core", "Core\Core.csproj", "{848B3787-1A7D-4D70-A77E-9278D26EAB87}"
EndProject
Project("{FAE04EC0-301F-11D3-BF4B-00C04F79EFBC}") = "WebAPI", "WebAPI\WebAPI.csproj", "{795B933B-F247-4F76-B49B-6A53249C0735}"
EndProject
Global
	GlobalSection(SolutionConfigurationPlatforms) = preSolution
		Debug|Any CPU = Debug|Any CPU
		Release|Any CPU = Release|Any CPU
	EndGlobalSection
	GlobalSection(ProjectConfigurationPlatforms) = postSolution
		{87258D01-8CC0-4039-BFDA-378BF2E3EB8F}.Debug|Any CPU.ActiveCfg = Debug|Any CPU
		{87258D01-8CC0-4039-BFDA-378BF2E3EB8F}.Debug|Any CPU.Build.0 = Debug|Any CPU
		{87258D01-8CC0-4039-BFDA-378BF2E3EB8F}.Release|Any CPU.ActiveCfg = Release|Any CPU
		{87258D01-8CC0-4039-BFDA-378BF2E3EB8F}.Release|Any CPU.Build.0 = Release|Any CPU
		{9A1F3946-AA1C-4C6A-8F04-8691B246211F}.Debug|Any CPU.ActiveCfg = Debug|Any CPU
		{9A1F3946-AA1C-4C6A-8F04-8691B246211F}.Debug|Any CPU.Build.0 = Debug|Any CPU
		{9A1F3946-AA1C-4C6A-8F04-8691B246211F}.Release|Any CPU.ActiveCfg = Release|Any CPU
		{9A1F3946-AA1C-4C6A-8F04-8691B246211F}.Release|Any CPU.Build.0 = Release|Any CPU
		{43CA7DE2-25F5-48EB-94D5-8A401BECBAC9}.Debug|Any CPU.ActiveCfg = Debug|Any CPU
		{43CA7DE2-25F5-48EB-94D5-8A401BECBAC9}.Debug|Any CPU.Build.0 = Debug|Any CPU
		{43CA7DE2-25F5-48EB-94D5-8A401BECBAC9}.Release|Any CPU.ActiveCfg = Release|Any CPU
		{43CA7DE2-25F5-48EB-94D5-8A401BECBAC9}.Release|Any CPU.Build.0 = Release|Any CPU
		{848B3787-1A7D-4D70-A77E-9278D26EAB87}.Debug|Any CPU.ActiveCfg = Debug|Any CPU
		{848B3787-1A7D-4D70-A77E-9278D26EAB87}.Debug|Any CPU.Build.0 = Debug|Any CPU
		{848B3787-1A7D-4D70-A77E-9278D26EAB87}.Release|Any CPU.ActiveCfg = Release|Any CPU
		{848B3787-1A7D-4D70-A77E-9278D26EAB87}.Release|Any CPU.Build.0 = Release|Any CPU
		{795B933B-F247-4F76-B49B-6A53249C0735}.Debug|Any CPU.ActiveCfg = Debug|Any CPU
		{795B933B-F247-4F76-B49B-6A53249C0735}.Debug|Any CPU.Build.0 = Debug|Any CPU
		{795B933B-F247-4F76-B49B-6A53249C0735}.Release|Any CPU.ActiveCfg = Release|Any CPU
		{795B933B-F247-4F76-B49B-6A53249C0735}.Release|Any CPU.Build.0 = Release|Any CPU
	EndGlobalSection
	GlobalSection(SolutionProperties) = preSolution
		HideSolutionNode = FALSE
	EndGlobalSection
	GlobalSection(ExtensibilityGlobals) = postSolution
		SolutionGuid = {9628963C-8DDD-4FB7-8510-62D6AC31D144}
	EndGlobalSection
EndGlobal
